
Microsoft Visual Studio Solution File, Format Version 12.00
# Visual Studio Version 17
VisualStudioVersion = 17.0.31912.275
MinimumVisualStudioVersion = 10.0.40219.1
Project("{FAE04EC0-301F-11D3-BF4B-00C04F79EFBC}") = "p2_o4_b", "p2_o4_b\p2_o4_b.csproj", "{9E8D693E-E7DC-4D1D-8DB8-5D6890CB1C59}"
EndProject
Global
	GlobalSection(SolutionConfigurationPlatforms) = preSolution
		Debug|Any CPU = Debug|Any CPU
		Release|Any CPU = Release|Any CPU
	EndGlobalSection
	GlobalSection(ProjectConfigurationPlatforms) = postSolution
		{9E8D693E-E7DC-4D1D-8DB8-5D6890CB1C59}.Debug|Any CPU.ActiveCfg = Debug|Any CPU
		{9E8D693E-E7DC-4D1D-8DB8-5D6890CB1C59}.Debug|Any CPU.Build.0 = Debug|Any CPU
		{9E8D693E-E7DC-4D1D-8DB8-5D6890CB1C59}.Release|Any CPU.ActiveCfg = Release|Any CPU
		{9E8D693E-E7DC-4D1D-8DB8-5D6890CB1C59}.Release|Any CPU.Build.0 = Release|Any CPU
	EndGlobalSection
	GlobalSection(SolutionProperties) = preSolution
		HideSolutionNode = FALSE
	EndGlobalSection
	GlobalSection(ExtensibilityGlobals) = postSolution
		SolutionGuid = {0438B791-B4BC-4CC4-AE7B-3EE3FB2AC41E}
	EndGlobalSection
EndGlobal
