
Microsoft Visual Studio Solution File, Format Version 12.00
# Visual Studio Version 17
VisualStudioVersion = 17.0.31912.275
MinimumVisualStudioVersion = 10.0.40219.1
Project("{FAE04EC0-301F-11D3-BF4B-00C04F79EFBC}") = "p2_o4_a", "p2_o4_a\p2_o4_a.csproj", "{1C3A63BA-228E-4393-AB20-33F3B95A54FC}"
EndProject
Global
	GlobalSection(SolutionConfigurationPlatforms) = preSolution
		Debug|Any CPU = Debug|Any CPU
		Release|Any CPU = Release|Any CPU
	EndGlobalSection
	GlobalSection(ProjectConfigurationPlatforms) = postSolution
		{1C3A63BA-228E-4393-AB20-33F3B95A54FC}.Debug|Any CPU.ActiveCfg = Debug|Any CPU
		{1C3A63BA-228E-4393-AB20-33F3B95A54FC}.Debug|Any CPU.Build.0 = Debug|Any CPU
		{1C3A63BA-228E-4393-AB20-33F3B95A54FC}.Release|Any CPU.ActiveCfg = Release|Any CPU
		{1C3A63BA-228E-4393-AB20-33F3B95A54FC}.Release|Any CPU.Build.0 = Release|Any CPU
	EndGlobalSection
	GlobalSection(SolutionProperties) = preSolution
		HideSolutionNode = FALSE
	EndGlobalSection
	GlobalSection(ExtensibilityGlobals) = postSolution
		SolutionGuid = {BBC48FC4-9964-4B66-B05B-8670CDC81B7F}
	EndGlobalSection
EndGlobal
