
Microsoft Visual Studio Solution File, Format Version 12.00
# Visual Studio Version 17
VisualStudioVersion = 17.0.31912.275
MinimumVisualStudioVersion = 10.0.40219.1
Project("{FAE04EC0-301F-11D3-BF4B-00C04F79EFBC}") = "p2_o2_b", "p2_o2_b\p2_o2_b.csproj", "{1A659FC9-1535-4D38-ACC6-D5DF39AA51B2}"
EndProject
Global
	GlobalSection(SolutionConfigurationPlatforms) = preSolution
		Debug|Any CPU = Debug|Any CPU
		Release|Any CPU = Release|Any CPU
	EndGlobalSection
	GlobalSection(ProjectConfigurationPlatforms) = postSolution
		{1A659FC9-1535-4D38-ACC6-D5DF39AA51B2}.Debug|Any CPU.ActiveCfg = Debug|Any CPU
		{1A659FC9-1535-4D38-ACC6-D5DF39AA51B2}.Debug|Any CPU.Build.0 = Debug|Any CPU
		{1A659FC9-1535-4D38-ACC6-D5DF39AA51B2}.Release|Any CPU.ActiveCfg = Release|Any CPU
		{1A659FC9-1535-4D38-ACC6-D5DF39AA51B2}.Release|Any CPU.Build.0 = Release|Any CPU
	EndGlobalSection
	GlobalSection(SolutionProperties) = preSolution
		HideSolutionNode = FALSE
	EndGlobalSection
	GlobalSection(ExtensibilityGlobals) = postSolution
		SolutionGuid = {AE628D79-BAE4-4F94-92C5-5F5C30B4D06B}
	EndGlobalSection
EndGlobal
