
Microsoft Visual Studio Solution File, Format Version 12.00
# Visual Studio Version 17
VisualStudioVersion = 17.0.31912.275
MinimumVisualStudioVersion = 10.0.40219.1
Project("{FAE04EC0-301F-11D3-BF4B-00C04F79EFBC}") = "p2-o1", "p2-o1\p2-o1.csproj", "{0DCB9AC9-84D4-432B-8E99-B19D40DB158A}"
EndProject
Global
	GlobalSection(SolutionConfigurationPlatforms) = preSolution
		Debug|Any CPU = Debug|Any CPU
		Release|Any CPU = Release|Any CPU
	EndGlobalSection
	GlobalSection(ProjectConfigurationPlatforms) = postSolution
		{0DCB9AC9-84D4-432B-8E99-B19D40DB158A}.Debug|Any CPU.ActiveCfg = Debug|Any CPU
		{0DCB9AC9-84D4-432B-8E99-B19D40DB158A}.Debug|Any CPU.Build.0 = Debug|Any CPU
		{0DCB9AC9-84D4-432B-8E99-B19D40DB158A}.Release|Any CPU.ActiveCfg = Release|Any CPU
		{0DCB9AC9-84D4-432B-8E99-B19D40DB158A}.Release|Any CPU.Build.0 = Release|Any CPU
	EndGlobalSection
	GlobalSection(SolutionProperties) = preSolution
		HideSolutionNode = FALSE
	EndGlobalSection
	GlobalSection(ExtensibilityGlobals) = postSolution
		SolutionGuid = {3925F4EF-42A7-4073-AFE9-ABBC41FEBE64}
	EndGlobalSection
EndGlobal
